// !$*UTF8*$!
{
	archiveVersion = 1;
	classes = {
	};
	objectVersion = 56;
	objects = {

/* Begin PBXBuildFile section */
		513B0D2D2930803000F70956 /* AppDelegate.swift in Sources */ = {isa = PBXBuildFile; fileRef = 513B0D2C2930803000F70956 /* AppDelegate.swift */; };
		513B0D2F2930803000F70956 /* SceneDelegate.swift in Sources */ = {isa = PBXBuildFile; fileRef = 513B0D2E2930803000F70956 /* SceneDelegate.swift */; };
		513B0D312930803000F70956 /* MainVC.swift in Sources */ = {isa = PBXBuildFile; fileRef = 513B0D302930803000F70956 /* MainVC.swift */; };
		513B0D362930803200F70956 /* Assets.xcassets in Resources */ = {isa = PBXBuildFile; fileRef = 513B0D352930803200F70956 /* Assets.xcassets */; };
		513B0D392930803200F70956 /* LaunchScreen.storyboard in Resources */ = {isa = PBXBuildFile; fileRef = 513B0D372930803200F70956 /* LaunchScreen.storyboard */; };
		513B0D4129308BF500F70956 /* SubwayRealTimeVC.swift in Sources */ = {isa = PBXBuildFile; fileRef = 513B0D4029308BF500F70956 /* SubwayRealTimeVC.swift */; };
		513B0D4329308C2200F70956 /* SubwayRealTimeListCell.swift in Sources */ = {isa = PBXBuildFile; fileRef = 513B0D4229308C2200F70956 /* SubwayRealTimeListCell.swift */; };
		513B0D4529309F8900F70956 /* StationResponse.swift in Sources */ = {isa = PBXBuildFile; fileRef = 513B0D4429309F8900F70956 /* StationResponse.swift */; };
		513B0D472930A84600F70956 /* StationArrivalDataResponse.swift in Sources */ = {isa = PBXBuildFile; fileRef = 513B0D462930A84600F70956 /* StationArrivalDataResponse.swift */; };
		8B73D10AB0C7F28D050349C6 /* Pods_Subway.framework in Frameworks */ = {isa = PBXBuildFile; fileRef = 2E514F1A628E9994D9317C5C /* Pods_Subway.framework */; };
/* End PBXBuildFile section */

/* Begin PBXFileReference section */
		2E514F1A628E9994D9317C5C /* Pods_Subway.framework */ = {isa = PBXFileReference; explicitFileType = wrapper.framework; includeInIndex = 0; path = Pods_Subway.framework; sourceTree = BUILT_PRODUCTS_DIR; };
		3291A2F70B4A6F0C05E75677 /* Pods-Subway.debug.xcconfig */ = {isa = PBXFileReference; includeInIndex = 1; lastKnownFileType = text.xcconfig; name = "Pods-Subway.debug.xcconfig"; path = "Target Support Files/Pods-Subway/Pods-Subway.debug.xcconfig"; sourceTree = "<group>"; };
		513B0D292930803000F70956 /* Subway.app */ = {isa = PBXFileReference; explicitFileType = wrapper.application; includeInIndex = 0; path = Subway.app; sourceTree = BUILT_PRODUCTS_DIR; };
		513B0D2C2930803000F70956 /* AppDelegate.swift */ = {isa = PBXFileReference; lastKnownFileType = sourcecode.swift; path = AppDelegate.swift; sourceTree = "<group>"; };
		513B0D2E2930803000F70956 /* SceneDelegate.swift */ = {isa = PBXFileReference; lastKnownFileType = sourcecode.swift; path = SceneDelegate.swift; sourceTree = "<group>"; };
		513B0D302930803000F70956 /* MainVC.swift */ = {isa = PBXFileReference; lastKnownFileType = sourcecode.swift; path = MainVC.swift; sourceTree = "<group>"; };
		513B0D352930803200F70956 /* Assets.xcassets */ = {isa = PBXFileReference; lastKnownFileType = folder.assetcatalog; path = Assets.xcassets; sourceTree = "<group>"; };
		513B0D382930803200F70956 /* Base */ = {isa = PBXFileReference; lastKnownFileType = file.storyboard; name = Base; path = Base.lproj/LaunchScreen.storyboard; sourceTree = "<group>"; };
		513B0D3A2930803200F70956 /* Info.plist */ = {isa = PBXFileReference; lastKnownFileType = text.plist.xml; path = Info.plist; sourceTree = "<group>"; };
		513B0D4029308BF500F70956 /* SubwayRealTimeVC.swift */ = {isa = PBXFileReference; lastKnownFileType = sourcecode.swift; path = SubwayRealTimeVC.swift; sourceTree = "<group>"; };
		513B0D4229308C2200F70956 /* SubwayRealTimeListCell.swift */ = {isa = PBXFileReference; lastKnownFileType = sourcecode.swift; path = SubwayRealTimeListCell.swift; sourceTree = "<group>"; };
		513B0D4429309F8900F70956 /* StationResponse.swift */ = {isa = PBXFileReference; lastKnownFileType = sourcecode.swift; path = StationResponse.swift; sourceTree = "<group>"; };
		513B0D462930A84600F70956 /* StationArrivalDataResponse.swift */ = {isa = PBXFileReference; lastKnownFileType = sourcecode.swift; path = StationArrivalDataResponse.swift; sourceTree = "<group>"; };
		B28AF413E044C2B228759B73 /* Pods-Subway.release.xcconfig */ = {isa = PBXFileReference; includeInIndex = 1; lastKnownFileType = text.xcconfig; name = "Pods-Subway.release.xcconfig"; path = "Target Support Files/Pods-Subway/Pods-Subway.release.xcconfig"; sourceTree = "<group>"; };
/* End PBXFileReference section */

/* Begin PBXFrameworksBuildPhase section */
		513B0D262930803000F70956 /* Frameworks */ = {
			isa = PBXFrameworksBuildPhase;
			buildActionMask = 2147483647;
			files = (
				8B73D10AB0C7F28D050349C6 /* Pods_Subway.framework in Frameworks */,
			);
			runOnlyForDeploymentPostprocessing = 0;
		};
/* End PBXFrameworksBuildPhase section */

/* Begin PBXGroup section */
		26892A6C28C521BE7CAF66A7 /* Pods */ = {
			isa = PBXGroup;
			children = (
				3291A2F70B4A6F0C05E75677 /* Pods-Subway.debug.xcconfig */,
				B28AF413E044C2B228759B73 /* Pods-Subway.release.xcconfig */,
			);
			path = Pods;
			sourceTree = "<group>";
		};
		513B0D202930803000F70956 = {
			isa = PBXGroup;
			children = (
				513B0D2B2930803000F70956 /* Subway */,
				513B0D2A2930803000F70956 /* Products */,
				26892A6C28C521BE7CAF66A7 /* Pods */,
				633F3749C36CC8E8C5A12046 /* Frameworks */,
			);
			sourceTree = "<group>";
		};
		513B0D2A2930803000F70956 /* Products */ = {
			isa = PBXGroup;
			children = (
				513B0D292930803000F70956 /* Subway.app */,
			);
			name = Products;
			sourceTree = "<group>";
		};
		513B0D2B2930803000F70956 /* Subway */ = {
			isa = PBXGroup;
			children = (
				513B0D2C2930803000F70956 /* AppDelegate.swift */,
				513B0D2E2930803000F70956 /* SceneDelegate.swift */,
				513B0D482930A87700F70956 /* Model */,
				513B0D492930A87E00F70956 /* View */,
				513B0D4A2930A88C00F70956 /* Controller */,
				513B0D352930803200F70956 /* Assets.xcassets */,
				513B0D372930803200F70956 /* LaunchScreen.storyboard */,
				513B0D3A2930803200F70956 /* Info.plist */,
			);
			path = Subway;
			sourceTree = "<group>";
		};
		513B0D482930A87700F70956 /* Model */ = {
			isa = PBXGroup;
			children = (
				513B0D4429309F8900F70956 /* StationResponse.swift */,
				513B0D462930A84600F70956 /* StationArrivalDataResponse.swift */,
			);
			path = Model;
			sourceTree = "<group>";
		};
		513B0D492930A87E00F70956 /* View */ = {
			isa = PBXGroup;
			children = (
				513B0D4229308C2200F70956 /* SubwayRealTimeListCell.swift */,
			);
			path = View;
			sourceTree = "<group>";
		};
		513B0D4A2930A88C00F70956 /* Controller */ = {
			isa = PBXGroup;
			children = (
				513B0D302930803000F70956 /* MainVC.swift */,
				513B0D4029308BF500F70956 /* SubwayRealTimeVC.swift */,
			);
			path = Controller;
			sourceTree = "<group>";
		};
		633F3749C36CC8E8C5A12046 /* Frameworks */ = {
			isa = PBXGroup;
			children = (
				2E514F1A628E9994D9317C5C /* Pods_Subway.framework */,
			);
			name = Frameworks;
			sourceTree = "<group>";
		};
/* End PBXGroup section */

/* Begin PBXNativeTarget section */
		513B0D282930803000F70956 /* Subway */ = {
			isa = PBXNativeTarget;
			buildConfigurationList = 513B0D3D2930803200F70956 /* Build configuration list for PBXNativeTarget "Subway" */;
			buildPhases = (
				D27288F641F2250CC4BBB55D /* [CP] Check Pods Manifest.lock */,
				513B0D252930803000F70956 /* Sources */,
				513B0D262930803000F70956 /* Frameworks */,
				513B0D272930803000F70956 /* Resources */,
				E0363DCFB65EE394FD990622 /* [CP] Embed Pods Frameworks */,
			);
			buildRules = (
			);
			dependencies = (
			);
			name = Subway;
			productName = Subway;
			productReference = 513B0D292930803000F70956 /* Subway.app */;
			productType = "com.apple.product-type.application";
		};
/* End PBXNativeTarget section */

/* Begin PBXProject section */
		513B0D212930803000F70956 /* Project object */ = {
			isa = PBXProject;
			attributes = {
				BuildIndependentTargetsInParallel = 1;
				LastSwiftUpdateCheck = 1410;
				LastUpgradeCheck = 1410;
				TargetAttributes = {
					513B0D282930803000F70956 = {
						CreatedOnToolsVersion = 14.1;
					};
				};
			};
			buildConfigurationList = 513B0D242930803000F70956 /* Build configuration list for PBXProject "Subway" */;
			compatibilityVersion = "Xcode 14.0";
			developmentRegion = en;
			hasScannedForEncodings = 0;
			knownRegions = (
				en,
				Base,
			);
			mainGroup = 513B0D202930803000F70956;
			productRefGroup = 513B0D2A2930803000F70956 /* Products */;
			projectDirPath = "";
			projectRoot = "";
			targets = (
				513B0D282930803000F70956 /* Subway */,
			);
		};
/* End PBXProject section */

/* Begin PBXResourcesBuildPhase section */
		513B0D272930803000F70956 /* Resources */ = {
			isa = PBXResourcesBuildPhase;
			buildActionMask = 2147483647;
			files = (
				513B0D392930803200F70956 /* LaunchScreen.storyboard in Resources */,
				513B0D362930803200F70956 /* Assets.xcassets in Resources */,
			);
			runOnlyForDeploymentPostprocessing = 0;
		};
/* End PBXResourcesBuildPhase section */

/* Begin PBXShellScriptBuildPhase section */
		D27288F641F2250CC4BBB55D /* [CP] Check Pods Manifest.lock */ = {
			isa = PBXShellScriptBuildPhase;
			buildActionMask = 2147483647;
			files = (
			);
			inputFileListPaths = (
			);
			inputPaths = (
				"${PODS_PODFILE_DIR_PATH}/Podfile.lock",
				"${PODS_ROOT}/Manifest.lock",
			);
			name = "[CP] Check Pods Manifest.lock";
			outputFileListPaths = (
			);
			outputPaths = (
				"$(DERIVED_FILE_DIR)/Pods-Subway-checkManifestLockResult.txt",
			);
			runOnlyForDeploymentPostprocessing = 0;
			shellPath = /bin/sh;
			shellScript = "diff \"${PODS_PODFILE_DIR_PATH}/Podfile.lock\" \"${PODS_ROOT}/Manifest.lock\" > /dev/null\nif [ $? != 0 ] ; then\n    # print error to STDERR\n    echo \"error: The sandbox is not in sync with the Podfile.lock. Run 'pod install' or update your CocoaPods installation.\" >&2\n    exit 1\nfi\n# This output is used by Xcode 'outputs' to avoid re-running this script phase.\necho \"SUCCESS\" > \"${SCRIPT_OUTPUT_FILE_0}\"\n";
			showEnvVarsInLog = 0;
		};
		E0363DCFB65EE394FD990622 /* [CP] Embed Pods Frameworks */ = {
			isa = PBXShellScriptBuildPhase;
			buildActionMask = 2147483647;
			files = (
			);
			inputFileListPaths = (
				"${PODS_ROOT}/Target Support Files/Pods-Subway/Pods-Subway-frameworks-${CONFIGURATION}-input-files.xcfilelist",
			);
			name = "[CP] Embed Pods Frameworks";
			outputFileListPaths = (
				"${PODS_ROOT}/Target Support Files/Pods-Subway/Pods-Subway-frameworks-${CONFIGURATION}-output-files.xcfilelist",
			);
			runOnlyForDeploymentPostprocessing = 0;
			shellPath = /bin/sh;
			shellScript = "\"${PODS_ROOT}/Target Support Files/Pods-Subway/Pods-Subway-frameworks.sh\"\n";
			showEnvVarsInLog = 0;
		};
/* End PBXShellScriptBuildPhase section */

/* Begin PBXSourcesBuildPhase section */
		513B0D252930803000F70956 /* Sources */ = {
			isa = PBXSourcesBuildPhase;
			buildActionMask = 2147483647;
			files = (
				513B0D4129308BF500F70956 /* SubwayRealTimeVC.swift in Sources */,
				513B0D312930803000F70956 /* MainVC.swift in Sources */,
				513B0D4529309F8900F70956 /* StationResponse.swift in Sources */,
				513B0D472930A84600F70956 /* StationArrivalDataResponse.swift in Sources */,
				513B0D4329308C2200F70956 /* SubwayRealTimeListCell.swift in Sources */,
				513B0D2D2930803000F70956 /* AppDelegate.swift in Sources */,
				513B0D2F2930803000F70956 /* SceneDelegate.swift in Sources */,
			);
			runOnlyForDeploymentPostprocessing = 0;
		};
/* End PBXSourcesBuildPhase section */

/* Begin PBXVariantGroup section */
		513B0D372930803200F70956 /* LaunchScreen.storyboard */ = {
			isa = PBXVariantGroup;
			children = (
				513B0D382930803200F70956 /* Base */,
			);
			name = LaunchScreen.storyboard;
			sourceTree = "<group>";
		};
/* End PBXVariantGroup section */

/* Begin XCBuildConfiguration section */
		513B0D3B2930803200F70956 /* Debug */ = {
			isa = XCBuildConfiguration;
			buildSettings = {
				ALWAYS_SEARCH_USER_PATHS = NO;
				CLANG_ANALYZER_NONNULL = YES;
				CLANG_ANALYZER_NUMBER_OBJECT_CONVERSION = YES_AGGRESSIVE;
				CLANG_CXX_LANGUAGE_STANDARD = "gnu++20";
				CLANG_ENABLE_MODULES = YES;
				CLANG_ENABLE_OBJC_ARC = YES;
				CLANG_ENABLE_OBJC_WEAK = YES;
				CLANG_WARN_BLOCK_CAPTURE_AUTORELEASING = YES;
				CLANG_WARN_BOOL_CONVERSION = YES;
				CLANG_WARN_COMMA = YES;
				CLANG_WARN_CONSTANT_CONVERSION = YES;
				CLANG_WARN_DEPRECATED_OBJC_IMPLEMENTATIONS = YES;
				CLANG_WARN_DIRECT_OBJC_ISA_USAGE = YES_ERROR;
				CLANG_WARN_DOCUMENTATION_COMMENTS = YES;
				CLANG_WARN_EMPTY_BODY = YES;
				CLANG_WARN_ENUM_CONVERSION = YES;
				CLANG_WARN_INFINITE_RECURSION = YES;
				CLANG_WARN_INT_CONVERSION = YES;
				CLANG_WARN_NON_LITERAL_NULL_CONVERSION = YES;
				CLANG_WARN_OBJC_IMPLICIT_RETAIN_SELF = YES;
				CLANG_WARN_OBJC_LITERAL_CONVERSION = YES;
				CLANG_WARN_OBJC_ROOT_CLASS = YES_ERROR;
				CLANG_WARN_QUOTED_INCLUDE_IN_FRAMEWORK_HEADER = YES;
				CLANG_WARN_RANGE_LOOP_ANALYSIS = YES;
				CLANG_WARN_STRICT_PROTOTYPES = YES;
				CLANG_WARN_SUSPICIOUS_MOVE = YES;
				CLANG_WARN_UNGUARDED_AVAILABILITY = YES_AGGRESSIVE;
				CLANG_WARN_UNREACHABLE_CODE = YES;
				CLANG_WARN__DUPLICATE_METHOD_MATCH = YES;
				COPY_PHASE_STRIP = NO;
				DEBUG_INFORMATION_FORMAT = dwarf;
				ENABLE_STRICT_OBJC_MSGSEND = YES;
				ENABLE_TESTABILITY = YES;
				GCC_C_LANGUAGE_STANDARD = gnu11;
				GCC_DYNAMIC_NO_PIC = NO;
				GCC_NO_COMMON_BLOCKS = YES;
				GCC_OPTIMIZATION_LEVEL = 0;
				GCC_PREPROCESSOR_DEFINITIONS = (
					"DEBUG=1",
					"$(inherited)",
				);
				GCC_WARN_64_TO_32_BIT_CONVERSION = YES;
				GCC_WARN_ABOUT_RETURN_TYPE = YES_ERROR;
				GCC_WARN_UNDECLARED_SELECTOR = YES;
				GCC_WARN_UNINITIALIZED_AUTOS = YES_AGGRESSIVE;
				GCC_WARN_UNUSED_FUNCTION = YES;
				GCC_WARN_UNUSED_VARIABLE = YES;
				IPHONEOS_DEPLOYMENT_TARGET = 16.1;
				MTL_ENABLE_DEBUG_INFO = INCLUDE_SOURCE;
				MTL_FAST_MATH = YES;
				ONLY_ACTIVE_ARCH = YES;
				SDKROOT = iphoneos;
				SWIFT_ACTIVE_COMPILATION_CONDITIONS = DEBUG;
				SWIFT_OPTIMIZATION_LEVEL = "-Onone";
			};
			name = Debug;
		};
		513B0D3C2930803200F70956 /* Release */ = {
			isa = XCBuildConfiguration;
			buildSettings = {
				ALWAYS_SEARCH_USER_PATHS = NO;
				CLANG_ANALYZER_NONNULL = YES;
				CLANG_ANALYZER_NUMBER_OBJECT_CONVERSION = YES_AGGRESSIVE;
				CLANG_CXX_LANGUAGE_STANDARD = "gnu++20";
				CLANG_ENABLE_MODULES = YES;
				CLANG_ENABLE_OBJC_ARC = YES;
				CLANG_ENABLE_OBJC_WEAK = YES;
				CLANG_WARN_BLOCK_CAPTURE_AUTORELEASING = YES;
				CLANG_WARN_BOOL_CONVERSION = YES;
				CLANG_WARN_COMMA = YES;
				CLANG_WARN_CONSTANT_CONVERSION = YES;
				CLANG_WARN_DEPRECATED_OBJC_IMPLEMENTATIONS = YES;
				CLANG_WARN_DIRECT_OBJC_ISA_USAGE = YES_ERROR;
				CLANG_WARN_DOCUMENTATION_COMMENTS = YES;
				CLANG_WARN_EMPTY_BODY = YES;
				CLANG_WARN_ENUM_CONVERSION = YES;
				CLANG_WARN_INFINITE_RECURSION = YES;
				CLANG_WARN_INT_CONVERSION = YES;
				CLANG_WARN_NON_LITERAL_NULL_CONVERSION = YES;
				CLANG_WARN_OBJC_IMPLICIT_RETAIN_SELF = YES;
				CLANG_WARN_OBJC_LITERAL_CONVERSION = YES;
				CLANG_WARN_OBJC_ROOT_CLASS = YES_ERROR;
				CLANG_WARN_QUOTED_INCLUDE_IN_FRAMEWORK_HEADER = YES;
				CLANG_WARN_RANGE_LOOP_ANALYSIS = YES;
				CLANG_WARN_STRICT_PROTOTYPES = YES;
				CLANG_WARN_SUSPICIOUS_MOVE = YES;
				CLANG_WARN_UNGUARDED_AVAILABILITY = YES_AGGRESSIVE;
				CLANG_WARN_UNREACHABLE_CODE = YES;
				CLANG_WARN__DUPLICATE_METHOD_MATCH = YES;
				COPY_PHASE_STRIP = NO;
				DEBUG_INFORMATION_FORMAT = "dwarf-with-dsym";
				ENABLE_NS_ASSERTIONS = NO;
				ENABLE_STRICT_OBJC_MSGSEND = YES;
				GCC_C_LANGUAGE_STANDARD = gnu11;
				GCC_NO_COMMON_BLOCKS = YES;
				GCC_WARN_64_TO_32_BIT_CONVERSION = YES;
				GCC_WARN_ABOUT_RETURN_TYPE = YES_ERROR;
				GCC_WARN_UNDECLARED_SELECTOR = YES;
				GCC_WARN_UNINITIALIZED_AUTOS = YES_AGGRESSIVE;
				GCC_WARN_UNUSED_FUNCTION = YES;
				GCC_WARN_UNUSED_VARIABLE = YES;
				IPHONEOS_DEPLOYMENT_TARGET = 16.1;
				MTL_ENABLE_DEBUG_INFO = NO;
				MTL_FAST_MATH = YES;
				SDKROOT = iphoneos;
				SWIFT_COMPILATION_MODE = wholemodule;
				SWIFT_OPTIMIZATION_LEVEL = "-O";
				VALIDATE_PRODUCT = YES;
			};
			name = Release;
		};
		513B0D3E2930803200F70956 /* Debug */ = {
			isa = XCBuildConfiguration;
			baseConfigurationReference = 3291A2F70B4A6F0C05E75677 /* Pods-Subway.debug.xcconfig */;
			buildSettings = {
				ASSETCATALOG_COMPILER_APPICON_NAME = AppIcon;
				ASSETCATALOG_COMPILER_GLOBAL_ACCENT_COLOR_NAME = AccentColor;
				CODE_SIGN_STYLE = Automatic;
				CURRENT_PROJECT_VERSION = 1;
				DEVELOPMENT_TEAM = 5S4XBZ2ACZ;
				GENERATE_INFOPLIST_FILE = YES;
				INFOPLIST_FILE = Subway/Info.plist;
				INFOPLIST_KEY_UIApplicationSupportsIndirectInputEvents = YES;
				INFOPLIST_KEY_UILaunchStoryboardName = LaunchScreen;
				INFOPLIST_KEY_UISupportedInterfaceOrientations = "UIInterfaceOrientationLandscapeRight UIInterfaceOrientationPortrait";
				INFOPLIST_KEY_UISupportedInterfaceOrientations_iPad = "UIInterfaceOrientationLandscapeLeft UIInterfaceOrientationLandscapeRight UIInterfaceOrientationPortrait UIInterfaceOrientationPortraitUpsideDown";
				LD_RUNPATH_SEARCH_PATHS = (
					"$(inherited)",
					"@executable_path/Frameworks",
				);
				MARKETING_VERSION = 1.0;
				PRODUCT_BUNDLE_IDENTIFIER = walter.myios.app.Subway;
				PRODUCT_NAME = "$(TARGET_NAME)";
				SUPPORTED_PLATFORMS = "iphoneos iphonesimulator";
				SUPPORTS_MACCATALYST = NO;
				SUPPORTS_MAC_DESIGNED_FOR_IPHONE_IPAD = NO;
				SWIFT_EMIT_LOC_STRINGS = YES;
				SWIFT_VERSION = 5.0;
				TARGETED_DEVICE_FAMILY = 1;
			};
			name = Debug;
		};
		513B0D3F2930803200F70956 /* Release */ = {
			isa = XCBuildConfiguration;
			baseConfigurationReference = B28AF413E044C2B228759B73 /* Pods-Subway.release.xcconfig */;
			buildSettings = {
				ASSETCATALOG_COMPILER_APPICON_NAME = AppIcon;
				ASSETCATALOG_COMPILER_GLOBAL_ACCENT_COLOR_NAME = AccentColor;
				CODE_SIGN_STYLE = Automatic;
				CURRENT_PROJECT_VERSION = 1;
				DEVELOPMENT_TEAM = 5S4XBZ2ACZ;
				GENERATE_INFOPLIST_FILE = YES;
				INFOPLIST_FILE = Subway/Info.plist;
				INFOPLIST_KEY_UIApplicationSupportsIndirectInputEvents = YES;
				INFOPLIST_KEY_UILaunchStoryboardName = LaunchScreen;
				INFOPLIST_KEY_UISupportedInterfaceOrientations = "UIInterfaceOrientationLandscapeRight UIInterfaceOrientationPortrait";
				INFOPLIST_KEY_UISupportedInterfaceOrientations_iPad = "UIInterfaceOrientationLandscapeLeft UIInterfaceOrientationLandscapeRight UIInterfaceOrientationPortrait UIInterfaceOrientationPortraitUpsideDown";
				LD_RUNPATH_SEARCH_PATHS = (
					"$(inherited)",
					"@executable_path/Frameworks",
				);
				MARKETING_VERSION = 1.0;
				PRODUCT_BUNDLE_IDENTIFIER = walter.myios.app.Subway;
				PRODUCT_NAME = "$(TARGET_NAME)";
				SUPPORTED_PLATFORMS = "iphoneos iphonesimulator";
				SUPPORTS_MACCATALYST = NO;
				SUPPORTS_MAC_DESIGNED_FOR_IPHONE_IPAD = NO;
				SWIFT_EMIT_LOC_STRINGS = YES;
				SWIFT_VERSION = 5.0;
				TARGETED_DEVICE_FAMILY = 1;
			};
			name = Release;
		};
/* End XCBuildConfiguration section */

/* Begin XCConfigurationList section */
		513B0D242930803000F70956 /* Build configuration list for PBXProject "Subway" */ = {
			isa = XCConfigurationList;
			buildConfigurations = (
				513B0D3B2930803200F70956 /* Debug */,
				513B0D3C2930803200F70956 /* Release */,
			);
			defaultConfigurationIsVisible = 0;
			defaultConfigurationName = Release;
		};
		513B0D3D2930803200F70956 /* Build configuration list for PBXNativeTarget "Subway" */ = {
			isa = XCConfigurationList;
			buildConfigurations = (
				513B0D3E2930803200F70956 /* Debug */,
				513B0D3F2930803200F70956 /* Release */,
			);
			defaultConfigurationIsVisible = 0;
			defaultConfigurationName = Release;
		};
/* End XCConfigurationList section */
	};
	rootObject = 513B0D212930803000F70956 /* Project object */;
}
